
Microsoft Visual Studio Solution File, Format Version 12.00
# Visual Studio Version 16
VisualStudioVersion = 16.0.29418.71
MinimumVisualStudioVersion = 10.0.40219.1
Project("{FAE04EC0-301F-11D3-BF4B-00C04F79EFBC}") = "SimpleCalculator", "SimpleCalculator\SimpleCalculator.csproj", "{BF204A85-616E-49CA-A42D-CBA623F07742}"
EndProject
Global
	GlobalSection(SolutionConfigurationPlatforms) = preSolution
		Debug|Any CPU = Debug|Any CPU
		Release|Any CPU = Release|Any CPU
	EndGlobalSection
	GlobalSection(ProjectConfigurationPlatforms) = postSolution
		{BF204A85-616E-49CA-A42D-CBA623F07742}.Debug|Any CPU.ActiveCfg = Debug|Any CPU
		{BF204A85-616E-49CA-A42D-CBA623F07742}.Debug|Any CPU.Build.0 = Debug|Any CPU
		{BF204A85-616E-49CA-A42D-CBA623F07742}.Release|Any CPU.ActiveCfg = Release|Any CPU
		{BF204A85-616E-49CA-A42D-CBA623F07742}.Release|Any CPU.Build.0 = Release|Any CPU
	EndGlobalSection
	GlobalSection(SolutionProperties) = preSolution
		HideSolutionNode = FALSE
	EndGlobalSection
	GlobalSection(ExtensibilityGlobals) = postSolution
		SolutionGuid = {76917707-9684-47D7-8D15-7721A78A58BC}
	EndGlobalSection
EndGlobal
